lockfileVersion: '6.0'

settings:
  autoInstallPeers: true
  excludeLinksFromLockfile: false

dependencies:
  fast-myers-diff:
    specifier: ^3.2.0
    version: 3.2.0
  json-diff-kit:
    specifier: ^1.0.29
    version: 1.0.29

devDependencies:
  '@types/node':
    specifier: ^20.12.7
    version: 20.12.7
  '@vitejs/plugin-vue':
    specifier: ^5.0.4
    version: 5.0.4(vite@5.2.10)(vue@3.4.25)
  typescript:
    specifier: ^5.2.2
    version: 5.4.5
  vite:
    specifier: ^5.2.0
    version: 5.2.10(@types/node@20.12.7)
  vue:
    specifier: ^3.4.21
    version: 3.4.25(typescript@5.4.5)
  vue-tsc:
    specifier: ^2.0.6
    version: 2.0.14(typescript@5.4.5)

packages:

  /@babel/helper-string-parser@7.24.1:
    resolution: {integrity: sha512-2ofRCjnnA9y+wk8b9IAREroeUP02KHp431N2mhKniy2yKIDKpbrHv9eXwm8cBeWQYcJmzv5qKCu65P47eCF7CQ==}
    engines: {node: '>=6.9.0'}
    dev: true

  /@babel/helper-validator-identifier@7.22.20:
    resolution: {integrity: sha512-Y4OZ+ytlatR8AI+8KZfKuL5urKp7qey08ha31L8b3BwewJAoJamTzyvxPR/5D+KkdJCGPq/+8TukHBlY10FX9A==}
    engines: {node: '>=6.9.0'}
    dev: true

  /@babel/parser@7.24.4:
    resolution: {integrity: sha512-zTvEBcghmeBma9QIGunWevvBAp4/Qu9Bdq+2k0Ot4fVMD6v3dsC9WOcRSKk7tRRyBM/53yKMJko9xOatGQAwSg==}
    engines: {node: '>=6.0.0'}
    hasBin: true
    dependencies:
      '@babel/types': 7.24.0
    dev: true

  /@babel/types@7.24.0:
    resolution: {integrity: sha512-+j7a5c253RfKh8iABBhywc8NSfP5LURe7Uh4qpsh6jc+aLJguvmIUBdjSdEMQv2bENrCR5MfRdjGo7vzS/ob7w==}
    engines: {node: '>=6.9.0'}
    dependencies:
      '@babel/helper-string-parser': 7.24.1
      '@babel/helper-validator-identifier': 7.22.20
      to-fast-properties: 2.0.0
    dev: true

  /@cronvel/get-pixels@3.4.1:
    resolution: {integrity: sha512-gB5C5nDIacLUdsMuW8YsM9SzK3vaFANe4J11CVXpovpy7bZUGrcJKmc6m/0gWG789pKr6XSZY2aEetjFvSRw5g==}
    requiresBuild: true
    dependencies:
      jpeg-js: 0.4.4
      ndarray: 1.0.19
      ndarray-pack: 1.2.1
      node-bitmap: 0.0.1
      omggif: 1.0.10
      pngjs: 6.0.0
    dev: false
    optional: true

  /@esbuild/aix-ppc64@0.20.2:
    resolution: {integrity: sha512-D+EBOJHXdNZcLJRBkhENNG8Wji2kgc9AZ9KiPr1JuZjsNtyHzrsfLRrY0tk2H2aoFu6RANO1y1iPPUCDYWkb5g==}
    engines: {node: '>=12'}
    cpu: [ppc64]
    os: [aix]
    requiresBuild: true
    dev: true
    optional: true

  /@esbuild/android-arm64@0.20.2:
    resolution: {integrity: sha512-mRzjLacRtl/tWU0SvD8lUEwb61yP9cqQo6noDZP/O8VkwafSYwZ4yWy24kan8jE/IMERpYncRt2dw438LP3Xmg==}
    engines: {node: '>=12'}
    cpu: [arm64]
    os: [android]
    requiresBuild: true
    dev: true
    optional: true

  /@esbuild/android-arm@0.20.2:
    resolution: {integrity: sha512-t98Ra6pw2VaDhqNWO2Oph2LXbz/EJcnLmKLGBJwEwXX/JAN83Fym1rU8l0JUWK6HkIbWONCSSatf4sf2NBRx/w==}
    engines: {node: '>=12'}
    cpu: [arm]
    os: [android]
    requiresBuild: true
    dev: true
    optional: true

  /@esbuild/android-x64@0.20.2:
    resolution: {integrity: sha512-btzExgV+/lMGDDa194CcUQm53ncxzeBrWJcncOBxuC6ndBkKxnHdFJn86mCIgTELsooUmwUm9FkhSp5HYu00Rg==}
    engines: {node: '>=12'}
    cpu: [x64]
    os: [android]
    requiresBuild: true
    dev: true
    optional: true

  /@esbuild/darwin-arm64@0.20.2:
    resolution: {integrity: sha512-4J6IRT+10J3aJH3l1yzEg9y3wkTDgDk7TSDFX+wKFiWjqWp/iCfLIYzGyasx9l0SAFPT1HwSCR+0w/h1ES/MjA==}
    engines: {node: '>=12'}
    cpu: [arm64]
    os: [darwin]
    requiresBuild: true
    dev: true
    optional: true

  /@esbuild/darwin-x64@0.20.2:
    resolution: {integrity: sha512-tBcXp9KNphnNH0dfhv8KYkZhjc+H3XBkF5DKtswJblV7KlT9EI2+jeA8DgBjp908WEuYll6pF+UStUCfEpdysA==}
    engines: {node: '>=12'}
    cpu: [x64]
    os: [darwin]
    requiresBuild: true
    dev: true
    optional: true

  /@esbuild/freebsd-arm64@0.20.2:
    resolution: {integrity: sha512-d3qI41G4SuLiCGCFGUrKsSeTXyWG6yem1KcGZVS+3FYlYhtNoNgYrWcvkOoaqMhwXSMrZRl69ArHsGJ9mYdbbw==}
    engines: {node: '>=12'}
    cpu: [arm64]
    os: [freebsd]
    requiresBuild: true
    dev: true
    optional: true

  /@esbuild/freebsd-x64@0.20.2:
    resolution: {integrity: sha512-d+DipyvHRuqEeM5zDivKV1KuXn9WeRX6vqSqIDgwIfPQtwMP4jaDsQsDncjTDDsExT4lR/91OLjRo8bmC1e+Cw==}
    engines: {node: '>=12'}
    cpu: [x64]
    os: [freebsd]
    requiresBuild: true
    dev: true
    optional: true

  /@esbuild/linux-arm64@0.20.2:
    resolution: {integrity: sha512-9pb6rBjGvTFNira2FLIWqDk/uaf42sSyLE8j1rnUpuzsODBq7FvpwHYZxQ/It/8b+QOS1RYfqgGFNLRI+qlq2A==}
    engines: {node: '>=12'}
    cpu: [arm64]
    os: [linux]
    requiresBuild: true
    dev: true
    optional: true

  /@esbuild/linux-arm@0.20.2:
    resolution: {integrity: sha512-VhLPeR8HTMPccbuWWcEUD1Az68TqaTYyj6nfE4QByZIQEQVWBB8vup8PpR7y1QHL3CpcF6xd5WVBU/+SBEvGTg==}
    engines: {node: '>=12'}
    cpu: [arm]
    os: [linux]
    requiresBuild: true
    dev: true
    optional: true

  /@esbuild/linux-ia32@0.20.2:
    resolution: {integrity: sha512-o10utieEkNPFDZFQm9CoP7Tvb33UutoJqg3qKf1PWVeeJhJw0Q347PxMvBgVVFgouYLGIhFYG0UGdBumROyiig==}
    engines: {node: '>=12'}
    cpu: [ia32]
    os: [linux]
    requiresBuild: true
    dev: true
    optional: true

  /@esbuild/linux-loong64@0.20.2:
    resolution: {integrity: sha512-PR7sp6R/UC4CFVomVINKJ80pMFlfDfMQMYynX7t1tNTeivQ6XdX5r2XovMmha/VjR1YN/HgHWsVcTRIMkymrgQ==}
    engines: {node: '>=12'}
    cpu: [loong64]
    os: [linux]
    requiresBuild: true
    dev: true
    optional: true

  /@esbuild/linux-mips64el@0.20.2:
    resolution: {integrity: sha512-4BlTqeutE/KnOiTG5Y6Sb/Hw6hsBOZapOVF6njAESHInhlQAghVVZL1ZpIctBOoTFbQyGW+LsVYZ8lSSB3wkjA==}
    engines: {node: '>=12'}
    cpu: [mips64el]
    os: [linux]
    requiresBuild: true
    dev: true
    optional: true

  /@esbuild/linux-ppc64@0.20.2:
    resolution: {integrity: sha512-rD3KsaDprDcfajSKdn25ooz5J5/fWBylaaXkuotBDGnMnDP1Uv5DLAN/45qfnf3JDYyJv/ytGHQaziHUdyzaAg==}
    engines: {node: '>=12'}
    cpu: [ppc64]
    os: [linux]
    requiresBuild: true
    dev: true
    optional: true

  /@esbuild/linux-riscv64@0.20.2:
    resolution: {integrity: sha512-snwmBKacKmwTMmhLlz/3aH1Q9T8v45bKYGE3j26TsaOVtjIag4wLfWSiZykXzXuE1kbCE+zJRmwp+ZbIHinnVg==}
    engines: {node: '>=12'}
    cpu: [riscv64]
    os: [linux]
    requiresBuild: true
    dev: true
    optional: true

  /@esbuild/linux-s390x@0.20.2:
    resolution: {integrity: sha512-wcWISOobRWNm3cezm5HOZcYz1sKoHLd8VL1dl309DiixxVFoFe/o8HnwuIwn6sXre88Nwj+VwZUvJf4AFxkyrQ==}
    engines: {node: '>=12'}
    cpu: [s390x]
    os: [linux]
    requiresBuild: true
    dev: true
    optional: true

  /@esbuild/linux-x64@0.20.2:
    resolution: {integrity: sha512-1MdwI6OOTsfQfek8sLwgyjOXAu+wKhLEoaOLTjbijk6E2WONYpH9ZU2mNtR+lZ2B4uwr+usqGuVfFT9tMtGvGw==}
    engines: {node: '>=12'}
    cpu: [x64]
    os: [linux]
    requiresBuild: true
    dev: true
    optional: true

  /@esbuild/netbsd-x64@0.20.2:
    resolution: {integrity: sha512-K8/DhBxcVQkzYc43yJXDSyjlFeHQJBiowJ0uVL6Tor3jGQfSGHNNJcWxNbOI8v5k82prYqzPuwkzHt3J1T1iZQ==}
    engines: {node: '>=12'}
    cpu: [x64]
    os: [netbsd]
    requiresBuild: true
    dev: true
    optional: true

  /@esbuild/openbsd-x64@0.20.2:
    resolution: {integrity: sha512-eMpKlV0SThJmmJgiVyN9jTPJ2VBPquf6Kt/nAoo6DgHAoN57K15ZghiHaMvqjCye/uU4X5u3YSMgVBI1h3vKrQ==}
    engines: {node: '>=12'}
    cpu: [x64]
    os: [openbsd]
    requiresBuild: true
    dev: true
    optional: true

  /@esbuild/sunos-x64@0.20.2:
    resolution: {integrity: sha512-2UyFtRC6cXLyejf/YEld4Hajo7UHILetzE1vsRcGL3earZEW77JxrFjH4Ez2qaTiEfMgAXxfAZCm1fvM/G/o8w==}
    engines: {node: '>=12'}
    cpu: [x64]
    os: [sunos]
    requiresBuild: true
    dev: true
    optional: true

  /@esbuild/win32-arm64@0.20.2:
    resolution: {integrity: sha512-GRibxoawM9ZCnDxnP3usoUDO9vUkpAxIIZ6GQI+IlVmr5kP3zUq+l17xELTHMWTWzjxa2guPNyrpq1GWmPvcGQ==}
    engines: {node: '>=12'}
    cpu: [arm64]
    os: [win32]
    requiresBuild: true
    dev: true
    optional: true

  /@esbuild/win32-ia32@0.20.2:
    resolution: {integrity: sha512-HfLOfn9YWmkSKRQqovpnITazdtquEW8/SoHW7pWpuEeguaZI4QnCRW6b+oZTztdBnZOS2hqJ6im/D5cPzBTTlQ==}
    engines: {node: '>=12'}
    cpu: [ia32]
    os: [win32]
    requiresBuild: true
    dev: true
    optional: true

  /@esbuild/win32-x64@0.20.2:
    resolution: {integrity: sha512-N49X4lJX27+l9jbLKSqZ6bKNjzQvHaT8IIFUy+YIqmXQdjYCToGWwOItDrfby14c78aDd5NHQl29xingXfCdLQ==}
    engines: {node: '>=12'}
    cpu: [x64]
    os: [win32]
    requiresBuild: true
    dev: true
    optional: true

  /@jridgewell/sourcemap-codec@1.4.15:
    resolution: {integrity: sha512-eF2rxCRulEKXHTRiDrDy6erMYWqNw4LPdQ8UQA4huuxaQsVeRPFl2oM8oDGxMFhJUWZf9McpLtJasDDZb/Bpeg==}
    dev: true

  /@rollup/rollup-android-arm-eabi@4.17.0:
    resolution: {integrity: sha512-nNvLvC2fjC+3+bHYN9uaGF3gcyy7RHGZhtl8TB/kINj9hiOQza8kWJGZh47GRPMrqeseO8U+Z8ElDMCZlWBdHA==}
    cpu: [arm]
    os: [android]
    requiresBuild: true
    dev: true
    optional: true

  /@rollup/rollup-android-arm64@4.17.0:
    resolution: {integrity: sha512-+kjt6dvxnyTIAo7oHeYseYhDyZ7xRKTNl/FoQI96PHkJVxoChldJnne/LzYqpqidoK1/0kX0/q+5rrYqjpth6w==}
    cpu: [arm64]
    os: [android]
    requiresBuild: true
    dev: true
    optional: true

  /@rollup/rollup-darwin-arm64@4.17.0:
    resolution: {integrity: sha512-Oj6Tp0unMpGTBjvNwbSRv3DopMNLu+mjBzhKTt2zLbDJ/45fB1pltr/rqrO4bE95LzuYwhYn127pop+x/pzf5w==}
    cpu: [arm64]
    os: [darwin]
    requiresBuild: true
    dev: true
    optional: true

  /@rollup/rollup-darwin-x64@4.17.0:
    resolution: {integrity: sha512-3nJx0T+yptxMd+v93rBRxSPTAVCv8szu/fGZDJiKX7kvRe9sENj2ggXjCH/KK1xZEmJOhaNo0c9sGMgGdfkvEw==}
    cpu: [x64]
    os: [darwin]
    requiresBuild: true
    dev: true
    optional: true

  /@rollup/rollup-linux-arm-gnueabihf@4.17.0:
    resolution: {integrity: sha512-Vb2e8p9b2lxxgqyOlBHmp6hJMu/HSU6g//6Tbr7x5V1DlPCHWLOm37nSIVK314f+IHzORyAQSqL7+9tELxX3zQ==}
    cpu: [arm]
    os: [linux]
    requiresBuild: true
    dev: true
    optional: true

  /@rollup/rollup-linux-arm-musleabihf@4.17.0:
    resolution: {integrity: sha512-Md60KsmC5ZIaRq/bYYDloklgU+XLEZwS2EXXVcSpiUw+13/ZASvSWQ/P92rQ9YDCL6EIoXxuQ829JkReqdYbGg==}
    cpu: [arm]
    os: [linux]
    requiresBuild: true
    dev: true
    optional: true

  /@rollup/rollup-linux-arm64-gnu@4.17.0:
    resolution: {integrity: sha512-zL5rBFtJ+2EGnMRm2TqKjdjgFqlotSU+ZJEN37nV+fiD3I6Gy0dUh3jBWN0wSlcXVDEJYW7YBe+/2j0N9unb2w==}
    cpu: [arm64]
    os: [linux]
    requiresBuild: true
    dev: true
    optional: true

  /@rollup/rollup-linux-arm64-musl@4.17.0:
    resolution: {integrity: sha512-s2xAyNkJqUdtRVgNK4NK4P9QttS538JuX/kfVQOdZDI5FIKVAUVdLW7qhGfmaySJ1EvN/Bnj9oPm5go9u8navg==}
    cpu: [arm64]
    os: [linux]
    requiresBuild: true
    dev: true
    optional: true

  /@rollup/rollup-linux-powerpc64le-gnu@4.17.0:
    resolution: {integrity: sha512-7F99yzVT67B7IUNMjLD9QCFDCyHkyCJMS1dywZrGgVFJao4VJ9szrIEgH67cR+bXQgEaY01ur/WSL6B0jtcLyA==}
    cpu: [ppc64]
    os: [linux]
    requiresBuild: true
    dev: true
    optional: true

  /@rollup/rollup-linux-riscv64-gnu@4.17.0:
    resolution: {integrity: sha512-leFtyiXisfa3Sg9pgZJwRKITWnrQfhtqDjCamnZhkZuIsk1FXmYwKoTkp6lsCgimIcneFFkHKp/yGLxDesga4g==}
    cpu: [riscv64]
    os: [linux]
    requiresBuild: true
    dev: true
    optional: true

  /@rollup/rollup-linux-s390x-gnu@4.17.0:
    resolution: {integrity: sha512-FtOgui6qMJ4jbSXTxElsy/60LEe/3U0rXkkz2G5CJ9rbHPAvjMvI+3qF0A0fwLQ5hW+/ZC6PbnS2KfRW9JkgDQ==}
    cpu: [s390x]
    os: [linux]
    requiresBuild: true
    dev: true
    optional: true

  /@rollup/rollup-linux-x64-gnu@4.17.0:
    resolution: {integrity: sha512-v6eiam/1w3HUfU/ZjzIDodencqgrSqzlNuNtiwH7PFJHYSo1ezL0/UIzmS2lpSJF1ORNaplXeKHYmmdt81vV2g==}
    cpu: [x64]
    os: [linux]
    requiresBuild: true
    dev: true
    optional: true

  /@rollup/rollup-linux-x64-musl@4.17.0:
    resolution: {integrity: sha512-OUhkSdpM5ofVlVU2k4CwVubYwiwu1a4jYWPpubzN7Vzao73GoPBowHcCfaRSFRz1SszJ3HIsk3dZYk4kzbqjgw==}
    cpu: [x64]
    os: [linux]
    requiresBuild: true
    dev: true
    optional: true

  /@rollup/rollup-win32-arm64-msvc@4.17.0:
    resolution: {integrity: sha512-uL7UYO/MNJPGL/yflybI+HI+n6+4vlfZmQZOCb4I+z/zy1wisHT3exh7oNQsnL6Eso0EUTEfgQ/PaGzzXf6XyQ==}
    cpu: [arm64]
    os: [win32]
    requiresBuild: true
    dev: true
    optional: true

  /@rollup/rollup-win32-ia32-msvc@4.17.0:
    resolution: {integrity: sha512-4WnSgaUiUmXILwFqREdOcqvSj6GD/7FrvSjhaDjmwakX9w4Z2F8JwiSP1AZZbuRkPqzi444UI5FPv33VKOWYFQ==}
    cpu: [ia32]
    os: [win32]
    requiresBuild: true
    dev: true
    optional: true

  /@rollup/rollup-win32-x64-msvc@4.17.0:
    resolution: {integrity: sha512-ve+D8t1prRSRnF2S3pyDtTXDlvW1Pngbz76tjgYFQW1jxVSysmQCZfPoDAo4WP+Ano8zeYp85LsArZBI12HfwQ==}
    cpu: [x64]
    os: [win32]
    requiresBuild: true
    dev: true
    optional: true

  /@types/estree@1.0.5:
    resolution: {integrity: sha512-/kYRxGDLWzHOB7q+wtSUQlFrtcdUccpfy+X+9iMBpHK8QLLhx2wIPYuS5DYtR9Wa/YlZAbIovy7qVdB1Aq6Lyw==}
    dev: true

  /@types/node@20.12.7:
    resolution: {integrity: sha512-wq0cICSkRLVaf3UGLMGItu/PtdY7oaXaI/RVU+xliKVOtRna3PRY57ZDfztpDL0n11vfymMUnXv8QwYCO7L1wg==}
    dependencies:
      undici-types: 5.26.5
    dev: true

  /@vitejs/plugin-vue@5.0.4(vite@5.2.10)(vue@3.4.25):
    resolution: {integrity: sha512-WS3hevEszI6CEVEx28F8RjTX97k3KsrcY6kvTg7+Whm5y3oYvcqzVeGCU3hxSAn4uY2CLCkeokkGKpoctccilQ==}
    engines: {node: ^18.0.0 || >=20.0.0}
    peerDependencies:
      vite: ^5.0.0
      vue: ^3.2.25
    dependencies:
      vite: 5.2.10(@types/node@20.12.7)
      vue: 3.4.25(typescript@5.4.5)
    dev: true

  /@volar/language-core@2.2.0-alpha.10:
    resolution: {integrity: sha512-njVJLtpu0zMvDaEk7K5q4BRpOgbyEUljU++un9TfJoJNhxG0z/hWwpwgTRImO42EKvwIxF3XUzeMk+qatAFy7Q==}
    dependencies:
      '@volar/source-map': 2.2.0-alpha.10
    dev: true

  /@volar/source-map@2.2.0-alpha.10:
    resolution: {integrity: sha512-nrdWApVkP5cksAnDEyy1JD9rKdwOJsEq1B+seWO4vNXmZNcxQQCx4DULLBvKt7AzRUAQiAuw5aQkb9RBaSqdVA==}
    dependencies:
      muggle-string: 0.4.1
    dev: true

  /@volar/typescript@2.2.0-alpha.10:
    resolution: {integrity: sha512-GCa0vTVVdA9ULUsu2Rx7jwsIuyZQPvPVT9o3NrANTbYv+523Ao1gv3glC5vzNSDPM6bUl37r94HbCj7KINQr+g==}
    dependencies:
      '@volar/language-core': 2.2.0-alpha.10
      path-browserify: 1.0.1
    dev: true

  /@vue/compiler-core@3.4.25:
    resolution: {integrity: sha512-Y2pLLopaElgWnMNolgG8w3C5nNUVev80L7hdQ5iIKPtMJvhVpG0zhnBG/g3UajJmZdvW0fktyZTotEHD1Srhbg==}
    dependencies:
      '@babel/parser': 7.24.4
      '@vue/shared': 3.4.25
      entities: 4.5.0
      estree-walker: 2.0.2
      source-map-js: 1.2.0
    dev: true

  /@vue/compiler-dom@3.4.25:
    resolution: {integrity: sha512-Ugz5DusW57+HjllAugLci19NsDK+VyjGvmbB2TXaTcSlQxwL++2PETHx/+Qv6qFwNLzSt7HKepPe4DcTE3pBWg==}
    dependencies:
      '@vue/compiler-core': 3.4.25
      '@vue/shared': 3.4.25
    dev: true

  /@vue/compiler-sfc@3.4.25:
    resolution: {integrity: sha512-m7rryuqzIoQpOBZ18wKyq05IwL6qEpZxFZfRxlNYuIPDqywrXQxgUwLXIvoU72gs6cRdY6wHD0WVZIFE4OEaAQ==}
    dependencies:
      '@babel/parser': 7.24.4
      '@vue/compiler-core': 3.4.25
      '@vue/compiler-dom': 3.4.25
      '@vue/compiler-ssr': 3.4.25
      '@vue/shared': 3.4.25
      estree-walker: 2.0.2
      magic-string: 0.30.10
      postcss: 8.4.38
      source-map-js: 1.2.0
    dev: true

  /@vue/compiler-ssr@3.4.25:
    resolution: {integrity: sha512-H2ohvM/Pf6LelGxDBnfbbXFPyM4NE3hrw0e/EpwuSiYu8c819wx+SVGdJ65p/sFrYDd6OnSDxN1MB2mN07hRSQ==}
    dependencies:
      '@vue/compiler-dom': 3.4.25
      '@vue/shared': 3.4.25
    dev: true

  /@vue/language-core@2.0.14(typescript@5.4.5):
    resolution: {integrity: sha512-3q8mHSNcGTR7sfp2X6jZdcb4yt8AjBXAfKk0qkZIh7GAJxOnoZ10h5HToZglw4ToFvAnq+xu/Z2FFbglh9Icag==}
    peerDependencies:
      typescript: '*'
    peerDependenciesMeta:
      typescript:
        optional: true
    dependencies:
      '@volar/language-core': 2.2.0-alpha.10
      '@vue/compiler-dom': 3.4.25
      '@vue/shared': 3.4.25
      computeds: 0.0.1
      minimatch: 9.0.4
      path-browserify: 1.0.1
      typescript: 5.4.5
      vue-template-compiler: 2.7.16
    dev: true

  /@vue/reactivity@3.4.25:
    resolution: {integrity: sha512-mKbEtKr1iTxZkAG3vm3BtKHAOhuI4zzsVcN0epDldU/THsrvfXRKzq+lZnjczZGnTdh3ojd86/WrP+u9M51pWQ==}
    dependencies:
      '@vue/shared': 3.4.25
    dev: true

  /@vue/runtime-core@3.4.25:
    resolution: {integrity: sha512-3qhsTqbEh8BMH3pXf009epCI5E7bKu28fJLi9O6W+ZGt/6xgSfMuGPqa5HRbUxLoehTNp5uWvzCr60KuiRIL0Q==}
    dependencies:
      '@vue/reactivity': 3.4.25
      '@vue/shared': 3.4.25
    dev: true

  /@vue/runtime-dom@3.4.25:
    resolution: {integrity: sha512-ode0sj77kuwXwSc+2Yhk8JMHZh1sZp9F/51wdBiz3KGaWltbKtdihlJFhQG4H6AY+A06zzeMLkq6qu8uDSsaoA==}
    dependencies:
      '@vue/runtime-core': 3.4.25
      '@vue/shared': 3.4.25
      csstype: 3.1.3
    dev: true

  /@vue/server-renderer@3.4.25(vue@3.4.25):
    resolution: {integrity: sha512-8VTwq0Zcu3K4dWV0jOwIVINESE/gha3ifYCOKEhxOj6MEl5K5y8J8clQncTcDhKF+9U765nRw4UdUEXvrGhyVQ==}
    peerDependencies:
      vue: 3.4.25
    dependencies:
      '@vue/compiler-ssr': 3.4.25
      '@vue/shared': 3.4.25
      vue: 3.4.25(typescript@5.4.5)
    dev: true

  /@vue/shared@3.4.25:
    resolution: {integrity: sha512-k0yappJ77g2+KNrIaF0FFnzwLvUBLUYr8VOwz+/6vLsmItFp51AcxLL7Ey3iPd7BIRyWPOcqUjMnm7OkahXllA==}
    dev: true

  /balanced-match@1.0.2:
    resolution: {integrity: sha512-3oSeUO0TMV67hN1AmbXsK4yaqU7tjiHlbxRDZOpH0KW9+CeX4bRAaX0Anxt0tx2MrpRpWwQaPwIlISEJhYU5Pw==}
    dev: true

  /brace-expansion@2.0.1:
    resolution: {integrity: sha512-XnAIvQ8eM+kC6aULx6wuQiwVsnzsi9d3WxzV3FpWTGA19F621kwdbsAcFKXgKUHZWsy+mY6iL1sHTxWEFCytDA==}
    dependencies:
      balanced-match: 1.0.2
    dev: true

  /chroma-js@2.4.2:
    resolution: {integrity: sha512-U9eDw6+wt7V8z5NncY2jJfZa+hUH8XEj8FQHgFJTrUFnJfXYf4Ml4adI2vXZOjqRDpFWtYVWypDfZwnJ+HIR4A==}
    requiresBuild: true
    dev: false
    optional: true

  /commander@11.1.0:
    resolution: {integrity: sha512-yPVavfyCcRhmorC7rWlkHn15b4wDVgVmBA7kV4QVBsF7kv/9TKJAbAXVTxvTnwP8HHKjRCJDClKbciiYS7p0DQ==}
    engines: {node: '>=16'}
    dev: false

  /computeds@0.0.1:
    resolution: {integrity: sha512-7CEBgcMjVmitjYo5q8JTJVra6X5mQ20uTThdK+0kR7UEaDrAWEQcRiBtWJzga4eRpP6afNwwLsX2SET2JhVB1Q==}
    dev: true

  /csstype@3.1.3:
    resolution: {integrity: sha512-M1uQkMl8rQK/szD0LNhtqxIPLpimGm8sOBwU7lLnCpSbTyY3yeU1Vc7l4KT5zT4s/yOxHH5O7tIuuLOCnLADRw==}
    dev: true

  /cwise-compiler@1.1.3:
    resolution: {integrity: sha512-WXlK/m+Di8DMMcCjcWr4i+XzcQra9eCdXIJrgh4TUgh0pIS/yJduLxS9JgefsHJ/YVLdgPtXm9r62W92MvanEQ==}
    requiresBuild: true
    dependencies:
      uniq: 1.0.1
    dev: false
    optional: true

  /de-indent@1.0.2:
    resolution: {integrity: sha512-e/1zu3xH5MQryN2zdVaF0OrdNLUbvWxzMbi+iNA6Bky7l1RoP8a2fIbRocyHclXt/arDrrR6lL3TqFD9pMQTsg==}
    dev: true

  /entities@4.5.0:
    resolution: {integrity: sha512-V0hjH4dGPh9Ao5p0MoRY6BVqtwCjhz6vI5LT8AJ55H+4g9/4vbHx1I54fS0XuclLhDHArPQCiMjDxjaL8fPxhw==}
    engines: {node: '>=0.12'}
    dev: true

  /esbuild@0.20.2:
    resolution: {integrity: sha512-WdOOppmUNU+IbZ0PaDiTst80zjnrOkyJNHoKupIcVyU8Lvla3Ugx94VzkQ32Ijqd7UhHJy75gNWDMUekcrSJ6g==}
    engines: {node: '>=12'}
    hasBin: true
    requiresBuild: true
    optionalDependencies:
      '@esbuild/aix-ppc64': 0.20.2
      '@esbuild/android-arm': 0.20.2
      '@esbuild/android-arm64': 0.20.2
      '@esbuild/android-x64': 0.20.2
      '@esbuild/darwin-arm64': 0.20.2
      '@esbuild/darwin-x64': 0.20.2
      '@esbuild/freebsd-arm64': 0.20.2
      '@esbuild/freebsd-x64': 0.20.2
      '@esbuild/linux-arm': 0.20.2
      '@esbuild/linux-arm64': 0.20.2
      '@esbuild/linux-ia32': 0.20.2
      '@esbuild/linux-loong64': 0.20.2
      '@esbuild/linux-mips64el': 0.20.2
      '@esbuild/linux-ppc64': 0.20.2
      '@esbuild/linux-riscv64': 0.20.2
      '@esbuild/linux-s390x': 0.20.2
      '@esbuild/linux-x64': 0.20.2
      '@esbuild/netbsd-x64': 0.20.2
      '@esbuild/openbsd-x64': 0.20.2
      '@esbuild/sunos-x64': 0.20.2
      '@esbuild/win32-arm64': 0.20.2
      '@esbuild/win32-ia32': 0.20.2
      '@esbuild/win32-x64': 0.20.2
    dev: true

  /estree-walker@2.0.2:
    resolution: {integrity: sha512-Rfkk/Mp/DL7JVje3u18FxFujQlTNR2q6QfMSMB7AvCBx91NGj/ba3kCfza0f6dVDbw7YlRf/nDrn7pQrCCyQ/w==}
    dev: true

  /fast-myers-diff@3.2.0:
    resolution: {integrity: sha512-DxNm4a3gnV35AluvqjeAV3Zx3CAySs0tsaDjnex5JhnJAa2rxEUVCwmaL2gpz42ea1B+IJorlo7XLThXUaTQog==}
    dev: false

  /fsevents@2.3.3:
    resolution: {integrity: sha512-5xoDfX+fL7faATnagmWPpbFtwh/R77WmMMqqHGS65C3vvB0YHrgF+B1YmZ3441tMj5n63k0212XNoJwzlhffQw==}
    engines: {node: ^8.16.0 || ^10.6.0 || >=11.0.0}
    os: [darwin]
    requiresBuild: true
    dev: true
    optional: true

  /he@1.2.0:
    resolution: {integrity: sha512-F/1DnUGPopORZi0ni+CvrCgHQ5FyEAHRLSApuYWMmrbSwoN2Mn/7k+Gl38gJnR7yyDZk6WLXwiGod1JOWNDKGw==}
    hasBin: true
    dev: true

  /iota-array@1.0.0:
    resolution: {integrity: sha512-pZ2xT+LOHckCatGQ3DcG/a+QuEqvoxqkiL7tvE8nn3uuu+f6i1TtpB5/FtWFbxUuVr5PZCx8KskuGatbJDXOWA==}
    requiresBuild: true
    dev: false
    optional: true

  /is-buffer@1.1.6:
    resolution: {integrity: sha512-NcdALwpXkTm5Zvvbk7owOUSvVvBKDgKP5/ewfXEznmQFfs4ZRmanOeKBTjRVjka3QFoN6XJ+9F3USqfHqTaU5w==}
    requiresBuild: true
    dev: false
    optional: true

  /jpeg-js@0.4.4:
    resolution: {integrity: sha512-WZzeDOEtTOBK4Mdsar0IqEU5sMr3vSV2RqkAIzUEV2BHnUfKGyswWFPFwK5EeDo93K3FohSHbLAjj0s1Wzd+dg==}
    requiresBuild: true
    dev: false
    optional: true

  /json-diff-kit@1.0.29:
    resolution: {integrity: sha512-+Ir9l5mvv2UB4ZiSpwmobTd9iImwHMWQ9vH/o4EqbKflIQssRXy7YRPka4ppBVCyA1fojdnURN3ht/pYW1l9jA==}
    hasBin: true
    dependencies:
      commander: 11.1.0
      fast-myers-diff: 3.2.0
      lodash: 4.17.21
      prompts: 2.4.2
    optionalDependencies:
      terminal-kit: 3.1.1
    dev: false

  /kleur@3.0.3:
    resolution: {integrity: sha512-eTIzlVOSUR+JxdDFepEYcBMtZ9Qqdef+rnzWdRZuMbOywu5tO2w2N7rqjoANZ5k9vywhL6Br1VRjUIgTQx4E8w==}
    engines: {node: '>=6'}
    dev: false

  /lazyness@1.2.0:
    resolution: {integrity: sha512-KenL6EFbwxBwRxG93t0gcUyi0Nw0Ub31FJKN1laA4UscdkL1K1AxUd0gYZdcLU3v+x+wcFi4uQKS5hL+fk500g==}
    engines: {node: '>=6.0.0'}
    requiresBuild: true
    dev: false
    optional: true

  /lodash@4.17.21:
    resolution: {integrity: sha512-v2kDEe57lecTulaDIuNTPy3Ry4gLGJ6Z1O3vE1krgXZNrsQ+LFTGHVxVjcXPs17LhbZVGedAJv8XZ1tvj5FvSg==}
    dev: false

  /lru-cache@6.0.0:
    resolution: {integrity: sha512-Jo6dJ04CmSjuznwJSS3pUeWmd/H0ffTlkXXgwZi+eq1UCmqQwCh+eLsYOYCwY991i2Fah4h1BEMCx4qThGbsiA==}
    engines: {node: '>=10'}
    dependencies:
      yallist: 4.0.0
    dev: true

  /magic-string@0.30.10:
    resolution: {integrity: sha512-iIRwTIf0QKV3UAnYK4PU8uiEc4SRh5jX0mwpIwETPpHdhVM4f53RSwS/vXvN1JhGX+Cs7B8qIq3d6AH49O5fAQ==}
    dependencies:
      '@jridgewell/sourcemap-codec': 1.4.15
    dev: true

  /minimatch@9.0.4:
    resolution: {integrity: sha512-KqWh+VchfxcMNRAJjj2tnsSJdNbHsVgnkBhTNrW7AjVo6OvLtxw8zfT9oLw1JSohlFzJ8jCoTgaoXvJ+kHt6fw==}
    engines: {node: '>=16 || 14 >=14.17'}
    dependencies:
      brace-expansion: 2.0.1
    dev: true

  /muggle-string@0.4.1:
    resolution: {integrity: sha512-VNTrAak/KhO2i8dqqnqnAHOa3cYBwXEZe9h+D5h/1ZqFSTEFHdM65lR7RoIqq3tBBYavsOXV84NoHXZ0AkPyqQ==}
    dev: true

  /nanoid@3.3.7:
    resolution: {integrity: sha512-eSRppjcPIatRIMC1U6UngP8XFcz8MQWGQdt1MTBQ7NaAmvXDfvNxbvWV3x2y6CdEUciCSsDHDQZbhYaB8QEo2g==}
    engines: {node: ^10 || ^12 || ^13.7 || ^14 || >=15.0.1}
    hasBin: true
    dev: true

  /ndarray-pack@1.2.1:
    resolution: {integrity: sha512-51cECUJMT0rUZNQa09EoKsnFeDL4x2dHRT0VR5U2H5ZgEcm95ZDWcMA5JShroXjHOejmAD/fg8+H+OvUnVXz2g==}
    requiresBuild: true
    dependencies:
      cwise-compiler: 1.1.3
      ndarray: 1.0.19
    dev: false
    optional: true

  /ndarray@1.0.19:
    resolution: {integrity: sha512-B4JHA4vdyZU30ELBw3g7/p9bZupyew5a7tX1Y/gGeF2hafrPaQZhgrGQfsvgfYbgdFZjYwuEcnaobeM/WMW+HQ==}
    requiresBuild: true
    dependencies:
      iota-array: 1.0.0
      is-buffer: 1.1.6
    dev: false
    optional: true

  /nextgen-events@1.5.3:
    resolution: {integrity: sha512-P6qw6kenNXP+J9XlKJNi/MNHUQ+Lx5K8FEcSfX7/w8KJdZan5+BB5MKzuNgL2RTjHG1Svg8SehfseVEp8zAqwA==}
    engines: {node: '>=6.0.0'}
    requiresBuild: true
    dev: false
    optional: true

  /node-bitmap@0.0.1:
    resolution: {integrity: sha512-Jx5lPaaLdIaOsj2mVLWMWulXF6GQVdyLvNSxmiYCvZ8Ma2hfKX0POoR2kgKOqz+oFsRreq0yYZjQ2wjE9VNzCA==}
    engines: {node: '>=v0.6.5'}
    requiresBuild: true
    dev: false
    optional: true

  /omggif@1.0.10:
    resolution: {integrity: sha512-LMJTtvgc/nugXj0Vcrrs68Mn2D1r0zf630VNtqtpI1FEO7e+O9FP4gqs9AcnBaSEeoHIPm28u6qgPR0oyEpGSw==}
    requiresBuild: true
    dev: false
    optional: true

  /path-browserify@1.0.1:
    resolution: {integrity: sha512-b7uo2UCUOYZcnF/3ID0lulOJi/bafxa1xPe7ZPsammBSpjSWQkjNxlt635YGS2MiR9GjvuXCtz2emr3jbsz98g==}
    dev: true

  /picocolors@1.0.0:
    resolution: {integrity: sha512-1fygroTLlHu66zi26VoTDv8yRgm0Fccecssto+MhsZ0D/DGW2sm8E8AjW7NU5VVTRt5GxbeZ5qBuJr+HyLYkjQ==}
    dev: true

  /pngjs@6.0.0:
    resolution: {integrity: sha512-TRzzuFRRmEoSW/p1KVAmiOgPco2Irlah+bGFCeNfJXxxYGwSw7YwAOAcd7X28K/m5bjBWKsC29KyoMfHbypayg==}
    engines: {node: '>=12.13.0'}
    requiresBuild: true
    dev: false
    optional: true

  /postcss@8.4.38:
    resolution: {integrity: sha512-Wglpdk03BSfXkHoQa3b/oulrotAkwrlLDRSOb9D0bN86FdRyE9lppSp33aHNPgBa0JKCoB+drFLZkQoRRYae5A==}
    engines: {node: ^10 || ^12 || >=14}
    dependencies:
      nanoid: 3.3.7
      picocolors: 1.0.0
      source-map-js: 1.2.0
    dev: true

  /prompts@2.4.2:
    resolution: {integrity: sha512-NxNv/kLguCA7p3jE8oL2aEBsrJWgAakBpgmgK6lpPWV+WuOmY6r2/zbAVnP+T8bQlA0nzHXSJSJW0Hq7ylaD2Q==}
    engines: {node: '>= 6'}
    dependencies:
      kleur: 3.0.3
      sisteransi: 1.0.5
    dev: false

  /rollup@4.17.0:
    resolution: {integrity: sha512-wZJSn0WMtWrxhYKQRt5Z6GIXlziOoMDFmbHmRfL3v+sBTAshx2DBq1AfMArB7eIjF63r4ocn2ZTAyUptg/7kmQ==}
    engines: {node: '>=18.0.0', npm: '>=8.0.0'}
    hasBin: true
    dependencies:
      '@types/estree': 1.0.5
    optionalDependencies:
      '@rollup/rollup-android-arm-eabi': 4.17.0
      '@rollup/rollup-android-arm64': 4.17.0
      '@rollup/rollup-darwin-arm64': 4.17.0
      '@rollup/rollup-darwin-x64': 4.17.0
      '@rollup/rollup-linux-arm-gnueabihf': 4.17.0
      '@rollup/rollup-linux-arm-musleabihf': 4.17.0
      '@rollup/rollup-linux-arm64-gnu': 4.17.0
      '@rollup/rollup-linux-arm64-musl': 4.17.0
      '@rollup/rollup-linux-powerpc64le-gnu': 4.17.0
      '@rollup/rollup-linux-riscv64-gnu': 4.17.0
      '@rollup/rollup-linux-s390x-gnu': 4.17.0
      '@rollup/rollup-linux-x64-gnu': 4.17.0
      '@rollup/rollup-linux-x64-musl': 4.17.0
      '@rollup/rollup-win32-arm64-msvc': 4.17.0
      '@rollup/rollup-win32-ia32-msvc': 4.17.0
      '@rollup/rollup-win32-x64-msvc': 4.17.0
      fsevents: 2.3.3
    dev: true

  /semver@7.6.0:
    resolution: {integrity: sha512-EnwXhrlwXMk9gKu5/flx5sv/an57AkRplG3hTK68W7FRDN+k+OWBj65M7719OkA82XLBxrcX0KSHj+X5COhOVg==}
    engines: {node: '>=10'}
    hasBin: true
    dependencies:
      lru-cache: 6.0.0
    dev: true

  /setimmediate@1.0.5:
    resolution: {integrity: sha512-MATJdZp8sLqDl/68LfQmbP8zKPLQNV6BIZoIgrscFDQ+RsvK/BxeDQOgyxKKoh0y/8h3BqVFnCqQ/gd+reiIXA==}
    requiresBuild: true
    dev: false
    optional: true

  /seventh@0.9.2:
    resolution: {integrity: sha512-C+dnbBXIEycnrN6/CpFt/Rt8ccMzAX3wbwJU61RTfC8lYPMzSkKkAVWnUEMTZDHdvtlrTupZeCUK4G+uP4TmRQ==}
    engines: {node: '>=16.13.0'}
    requiresBuild: true
    dependencies:
      setimmediate: 1.0.5
    dev: false
    optional: true

  /sisteransi@1.0.5:
    resolution: {integrity: sha512-bLGGlR1QxBcynn2d5YmDX4MGjlZvy2MRBDRNHLJ8VI6l6+9FUiyTFNJ0IveOSP0bcXgVDPRcfGqA0pjaqUpfVg==}
    dev: false

  /source-map-js@1.2.0:
    resolution: {integrity: sha512-itJW8lvSA0TXEphiRoawsCksnlf8SyvmFzIhltqAHluXd88pkCd+cXJVHTDwdCr0IzwptSm035IHQktUu1QUMg==}
    engines: {node: '>=0.10.0'}
    dev: true

  /string-kit@0.18.2:
    resolution: {integrity: sha512-LInRG+5UVQc8WeWPKi5MITq50hBmmncNuB8bgNRJjSi695cMPLEJf+eNmUYt+PQSkgrZRbzMMmQ5mKAl7PfIxw==}
    engines: {node: '>=14.15.0'}
    requiresBuild: true
    dev: false
    optional: true

  /terminal-kit@3.1.1:
    resolution: {integrity: sha512-R+R47zBQ14Ax2NZCLeuVl2GwonDwQN4iAsjQZICW8gMzaV+VIJMvL4qhUQtzDOhENADyNPQvY1Vz5G0bHHkLEA==}
    engines: {node: '>=16.13.0'}
    requiresBuild: true
    dependencies:
      '@cronvel/get-pixels': 3.4.1
      chroma-js: 2.4.2
      lazyness: 1.2.0
      ndarray: 1.0.19
      nextgen-events: 1.5.3
      seventh: 0.9.2
      string-kit: 0.18.2
      tree-kit: 0.8.7
    dev: false
    optional: true

  /to-fast-properties@2.0.0:
    resolution: {integrity: sha512-/OaKK0xYrs3DmxRYqL/yDc+FxFUVYhDlXMhRmv3z915w2HF1tnN1omB354j8VUGO/hbRzyD6Y3sA7v7GS/ceog==}
    engines: {node: '>=4'}
    dev: true

  /tree-kit@0.8.7:
    resolution: {integrity: sha512-BA/cp8KBvbBDkunxIuoBqzz3pYHL7J8QdzbKohK09urOpHFYqEe/xWGKkECEQG+LvfREd1GNqH3643GYFX8wSQ==}
    engines: {node: '>=16.13.0'}
    requiresBuild: true
    dev: false
    optional: true

  /typescript@5.4.5:
    resolution: {integrity: sha512-vcI4UpRgg81oIRUFwR0WSIHKt11nJ7SAVlYNIu+QpqeyXP+gpQJy/Z4+F0aGxSE4MqwjyXvW/TzgkLAx2AGHwQ==}
    engines: {node: '>=14.17'}
    hasBin: true
    dev: true

  /undici-types@5.26.5:
    resolution: {integrity: sha512-JlCMO+ehdEIKqlFxk6IfVoAUVmgz7cU7zD/h9XZ0qzeosSHmUJVOzSQvvYSYWXkFXC+IfLKSIffhv0sVZup6pA==}
    dev: true

  /uniq@1.0.1:
    resolution: {integrity: sha512-Gw+zz50YNKPDKXs+9d+aKAjVwpjNwqzvNpLigIruT4HA9lMZNdMqs9x07kKHB/L9WRzqp4+DlTU5s4wG2esdoA==}
    requiresBuild: true
    dev: false
    optional: true

  /vite@5.2.10(@types/node@20.12.7):
    resolution: {integrity: sha512-PAzgUZbP7msvQvqdSD+ErD5qGnSFiGOoWmV5yAKUEI0kdhjbH6nMWVyZQC/hSc4aXwc0oJ9aEdIiF9Oje0JFCw==}
    engines: {node: ^18.0.0 || >=20.0.0}
    hasBin: true
    peerDependencies:
      '@types/node': ^18.0.0 || >=20.0.0
      less: '*'
      lightningcss: ^1.21.0
      sass: '*'
      stylus: '*'
      sugarss: '*'
      terser: ^5.4.0
    peerDependenciesMeta:
      '@types/node':
        optional: true
      less:
        optional: true
      lightningcss:
        optional: true
      sass:
        optional: true
      stylus:
        optional: true
      sugarss:
        optional: true
      terser:
        optional: true
    dependencies:
      '@types/node': 20.12.7
      esbuild: 0.20.2
      postcss: 8.4.38
      rollup: 4.17.0
    optionalDependencies:
      fsevents: 2.3.3
    dev: true

  /vue-template-compiler@2.7.16:
    resolution: {integrity: sha512-AYbUWAJHLGGQM7+cNTELw+KsOG9nl2CnSv467WobS5Cv9uk3wFcnr1Etsz2sEIHEZvw1U+o9mRlEO6QbZvUPGQ==}
    dependencies:
      de-indent: 1.0.2
      he: 1.2.0
    dev: true

  /vue-tsc@2.0.14(typescript@5.4.5):
    resolution: {integrity: sha512-DgAO3U1cnCHOUO7yB35LENbkapeRsBZ7Ugq5hGz/QOHny0+1VQN8eSwSBjYbjLVPfvfw6EY7sNPjbuHHUhckcg==}
    hasBin: true
    peerDependencies:
      typescript: '*'
    dependencies:
      '@volar/typescript': 2.2.0-alpha.10
      '@vue/language-core': 2.0.14(typescript@5.4.5)
      semver: 7.6.0
      typescript: 5.4.5
    dev: true

  /vue@3.4.25(typescript@5.4.5):
    resolution: {integrity: sha512-HWyDqoBHMgav/OKiYA2ZQg+kjfMgLt/T0vg4cbIF7JbXAjDexRf5JRg+PWAfrAkSmTd2I8aPSXtooBFWHB98cg==}
    peerDependencies:
      typescript: '*'
    peerDependenciesMeta:
      typescript:
        optional: true
    dependencies:
      '@vue/compiler-dom': 3.4.25
      '@vue/compiler-sfc': 3.4.25
      '@vue/runtime-dom': 3.4.25
      '@vue/server-renderer': 3.4.25(vue@3.4.25)
      '@vue/shared': 3.4.25
      typescript: 5.4.5
    dev: true

  /yallist@4.0.0:
    resolution: {integrity: sha512-3wdGidZyq5PB084XLES5TpOSRA3wjXAlIWMhum2kRcv/41Sn2emQ0dycQW4uZXLejwKvg6EsvbdlVL+FYEct7A==}
    dev: true
